// !$*UTF8*$!
{
	archiveVersion = 1;
	classes = {
	};
	objectVersion = 56;
	objects = {

/* Begin PBXBuildFile section */
		D41620402B73C17F00E6E0CA /* SwiftMLSDK.framework in Frameworks */ = {isa = PBXBuildFile; fileRef = D41620352B73C17F00E6E0CA /* SwiftMLSDK.framework */; };
		D4675D142B73C1CD00139CC3 /* SwiftMLSDK.docc in Sources */ = {isa = PBXBuildFile; fileRef = D4675D122B73C1CD00139CC3 /* SwiftMLSDK.docc */; };
		D4675D192B73C1E400139CC3 /* SwiftMLSDKTests.swift in Sources */ = {isa = PBXBuildFile; fileRef = D4675D182B73C1E400139CC3 /* SwiftMLSDKTests.swift */; };
		D4675D212B73C57D00139CC3 /* Warnings.xcconfig in Resources */ = {isa = PBXBuildFile; fileRef = D4675D202B73C57D00139CC3 /* Warnings.xcconfig */; };
		D4675D222B73C57D00139CC3 /* Warnings.xcconfig in Resources */ = {isa = PBXBuildFile; fileRef = D4675D202B73C57D00139CC3 /* Warnings.xcconfig */; };
/* End PBXBuildFile section */

/* Begin PBXContainerItemProxy section */
		D41620412B73C17F00E6E0CA /* PBXContainerItemProxy */ = {
			isa = PBXContainerItemProxy;
			containerPortal = D416202C2B73C17F00E6E0CA /* Project object */;
			proxyType = 1;
			remoteGlobalIDString = D41620342B73C17F00E6E0CA;
			remoteInfo = SwiftMLSDK;
		};
/* End PBXContainerItemProxy section */

/* Begin PBXFileReference section */
		D41620352B73C17F00E6E0CA /* SwiftMLSDK.framework */ = {isa = PBXFileReference; explicitFileType = wrapper.framework; includeInIndex = 0; path = SwiftMLSDK.framework; sourceTree = BUILT_PRODUCTS_DIR; };
		D416203F2B73C17F00E6E0CA /* SwiftMLSDKTests.xctest */ = {isa = PBXFileReference; explicitFileType = wrapper.cfbundle; includeInIndex = 0; path = SwiftMLSDKTests.xctest; sourceTree = BUILT_PRODUCTS_DIR; };
		D4675D122B73C1CD00139CC3 /* SwiftMLSDK.docc */ = {isa = PBXFileReference; lastKnownFileType = folder.documentationcatalog; path = SwiftMLSDK.docc; sourceTree = "<group>"; };
		D4675D182B73C1E400139CC3 /* SwiftMLSDKTests.swift */ = {isa = PBXFileReference; fileEncoding = 4; lastKnownFileType = sourcecode.swift; path = SwiftMLSDKTests.swift; sourceTree = "<group>"; };
		D4675D202B73C57D00139CC3 /* Warnings.xcconfig */ = {isa = PBXFileReference; fileEncoding = 4; lastKnownFileType = text.xcconfig; path = Warnings.xcconfig; sourceTree = "<group>"; };
/* End PBXFileReference section */

/* Begin PBXFrameworksBuildPhase section */
		D41620322B73C17F00E6E0CA /* Frameworks */ = {
			isa = PBXFrameworksBuildPhase;
			buildActionMask = 2147483647;
			files = (
			);
			runOnlyForDeploymentPostprocessing = 0;
		};
		D416203C2B73C17F00E6E0CA /* Frameworks */ = {
			isa = PBXFrameworksBuildPhase;
			buildActionMask = 2147483647;
			files = (
				D41620402B73C17F00E6E0CA /* SwiftMLSDK.framework in Frameworks */,
			);
			runOnlyForDeploymentPostprocessing = 0;
		};
/* End PBXFrameworksBuildPhase section */

/* Begin PBXGroup section */
		D416202B2B73C17F00E6E0CA = {
			isa = PBXGroup;
			children = (
				D4675D1C2B73C54800139CC3 /* Meta */,
				D4675D102B73C1CD00139CC3 /* Sources */,
				D4675D162B73C1E400139CC3 /* Tests */,
				D41620362B73C17F00E6E0CA /* Products */,
			);
			sourceTree = "<group>";
		};
		D41620362B73C17F00E6E0CA /* Products */ = {
			isa = PBXGroup;
			children = (
				D41620352B73C17F00E6E0CA /* SwiftMLSDK.framework */,
				D416203F2B73C17F00E6E0CA /* SwiftMLSDKTests.xctest */,
			);
			name = Products;
			sourceTree = "<group>";
		};
		D4675D102B73C1CD00139CC3 /* Sources */ = {
			isa = PBXGroup;
			children = (
				D4675D112B73C1CD00139CC3 /* SwiftMLSDK */,
			);
			path = Sources;
			sourceTree = "<group>";
		};
		D4675D112B73C1CD00139CC3 /* SwiftMLSDK */ = {
			isa = PBXGroup;
			children = (
				D4675D122B73C1CD00139CC3 /* SwiftMLSDK.docc */,
			);
			path = SwiftMLSDK;
			sourceTree = "<group>";
		};
		D4675D162B73C1E400139CC3 /* Tests */ = {
			isa = PBXGroup;
			children = (
				D4675D172B73C1E400139CC3 /* SwiftMLSDKTests */,
			);
			path = Tests;
			sourceTree = "<group>";
		};
		D4675D172B73C1E400139CC3 /* SwiftMLSDKTests */ = {
			isa = PBXGroup;
			children = (
				D4675D182B73C1E400139CC3 /* SwiftMLSDKTests.swift */,
			);
			path = SwiftMLSDKTests;
			sourceTree = "<group>";
		};
		D4675D1C2B73C54800139CC3 /* Meta */ = {
			isa = PBXGroup;
			children = (
				D4675D202B73C57D00139CC3 /* Warnings.xcconfig */,
			);
			path = Meta;
			sourceTree = "<group>";
		};
/* End PBXGroup section */

/* Begin PBXHeadersBuildPhase section */
		D41620302B73C17F00E6E0CA /* Headers */ = {
			isa = PBXHeadersBuildPhase;
			buildActionMask = 2147483647;
			files = (
			);
			runOnlyForDeploymentPostprocessing = 0;
		};
/* End PBXHeadersBuildPhase section */

/* Begin PBXNativeTarget section */
		D41620342B73C17F00E6E0CA /* SwiftMLSDK */ = {
			isa = PBXNativeTarget;
			buildConfigurationList = D41620492B73C17F00E6E0CA /* Build configuration list for PBXNativeTarget "SwiftMLSDK" */;
			buildPhases = (
				D41620302B73C17F00E6E0CA /* Headers */,
				D41620312B73C17F00E6E0CA /* Sources */,
				D41620322B73C17F00E6E0CA /* Frameworks */,
				D41620332B73C17F00E6E0CA /* Resources */,
			);
			buildRules = (
			);
			dependencies = (
			);
			name = SwiftMLSDK;
			productName = SwiftMLSDK;
			productReference = D41620352B73C17F00E6E0CA /* SwiftMLSDK.framework */;
			productType = "com.apple.product-type.framework";
		};
		D416203E2B73C17F00E6E0CA /* SwiftMLSDKTests */ = {
			isa = PBXNativeTarget;
			buildConfigurationList = D416204C2B73C17F00E6E0CA /* Build configuration list for PBXNativeTarget "SwiftMLSDKTests" */;
			buildPhases = (
				D416203B2B73C17F00E6E0CA /* Sources */,
				D416203C2B73C17F00E6E0CA /* Frameworks */,
				D416203D2B73C17F00E6E0CA /* Resources */,
			);
			buildRules = (
			);
			dependencies = (
				D41620422B73C17F00E6E0CA /* PBXTargetDependency */,
			);
			name = SwiftMLSDKTests;
			productName = SwiftMLSDKTests;
			productReference = D416203F2B73C17F00E6E0CA /* SwiftMLSDKTests.xctest */;
			productType = "com.apple.product-type.bundle.unit-test";
		};
/* End PBXNativeTarget section */

/* Begin PBXProject section */
		D416202C2B73C17F00E6E0CA /* Project object */ = {
			isa = PBXProject;
			attributes = {
				BuildIndependentTargetsInParallel = 1;
				LastSwiftUpdateCheck = 1520;
				LastUpgradeCheck = 1520;
				TargetAttributes = {
					D41620342B73C17F00E6E0CA = {
						CreatedOnToolsVersion = 15.2;
					};
					D416203E2B73C17F00E6E0CA = {
						CreatedOnToolsVersion = 15.2;
					};
				};
			};
			buildConfigurationList = D416202F2B73C17F00E6E0CA /* Build configuration list for PBXProject "SwiftMLSDK" */;
			compatibilityVersion = "Xcode 14.0";
			developmentRegion = en;
			hasScannedForEncodings = 0;
			knownRegions = (
				en,
				Base,
			);
			mainGroup = D416202B2B73C17F00E6E0CA;
			productRefGroup = D41620362B73C17F00E6E0CA /* Products */;
			projectDirPath = "";
			projectRoot = "";
			targets = (
				D41620342B73C17F00E6E0CA /* SwiftMLSDK */,
				D416203E2B73C17F00E6E0CA /* SwiftMLSDKTests */,
			);
		};
/* End PBXProject section */

/* Begin PBXResourcesBuildPhase section */
		D41620332B73C17F00E6E0CA /* Resources */ = {
			isa = PBXResourcesBuildPhase;
			buildActionMask = 2147483647;
			files = (
				D4675D212B73C57D00139CC3 /* Warnings.xcconfig in Resources */,
			);
			runOnlyForDeploymentPostprocessing = 0;
		};
		D416203D2B73C17F00E6E0CA /* Resources */ = {
			isa = PBXResourcesBuildPhase;
			buildActionMask = 2147483647;
			files = (
				D4675D222B73C57D00139CC3 /* Warnings.xcconfig in Resources */,
			);
			runOnlyForDeploymentPostprocessing = 0;
		};
/* End PBXResourcesBuildPhase section */

/* Begin PBXSourcesBuildPhase section */
		D41620312B73C17F00E6E0CA /* Sources */ = {
			isa = PBXSourcesBuildPhase;
			buildActionMask = 2147483647;
			files = (
				D4675D142B73C1CD00139CC3 /* SwiftMLSDK.docc in Sources */,
			);
			runOnlyForDeploymentPostprocessing = 0;
		};
		D416203B2B73C17F00E6E0CA /* Sources */ = {
			isa = PBXSourcesBuildPhase;
			buildActionMask = 2147483647;
			files = (
				D4675D192B73C1E400139CC3 /* SwiftMLSDKTests.swift in Sources */,
			);
			runOnlyForDeploymentPostprocessing = 0;
		};
/* End PBXSourcesBuildPhase section */

/* Begin PBXTargetDependency section */
		D41620422B73C17F00E6E0CA /* PBXTargetDependency */ = {
			isa = PBXTargetDependency;
			target = D41620342B73C17F00E6E0CA /* SwiftMLSDK */;
			targetProxy = D41620412B73C17F00E6E0CA /* PBXContainerItemProxy */;
		};
/* End PBXTargetDependency section */

/* Begin XCBuildConfiguration section */
		D41620472B73C17F00E6E0CA /* Debug */ = {
			isa = XCBuildConfiguration;
			baseConfigurationReference = D4675D202B73C57D00139CC3 /* Warnings.xcconfig */;
			buildSettings = {
				ALWAYS_SEARCH_USER_PATHS = NO;
				ASSETCATALOG_COMPILER_GENERATE_SWIFT_ASSET_SYMBOL_EXTENSIONS = YES;
				CLANG_ANALYZER_NONNULL = YES;
				CLANG_ANALYZER_NUMBER_OBJECT_CONVERSION = YES_AGGRESSIVE;
				CLANG_CXX_LANGUAGE_STANDARD = "gnu++20";
				CLANG_ENABLE_MODULES = YES;
				CLANG_ENABLE_OBJC_ARC = YES;
				CLANG_ENABLE_OBJC_WEAK = YES;
				CLANG_WARN_BLOCK_CAPTURE_AUTORELEASING = YES;
				CLANG_WARN_BOOL_CONVERSION = YES;
				CLANG_WARN_COMMA = YES;
				CLANG_WARN_CONSTANT_CONVERSION = YES;
				CLANG_WARN_DEPRECATED_OBJC_IMPLEMENTATIONS = YES;
				CLANG_WARN_DIRECT_OBJC_ISA_USAGE = YES_ERROR;
				CLANG_WARN_DOCUMENTATION_COMMENTS = YES;
				CLANG_WARN_EMPTY_BODY = YES;
				CLANG_WARN_ENUM_CONVERSION = YES;
				CLANG_WARN_INFINITE_RECURSION = YES;
				CLANG_WARN_INT_CONVERSION = YES;
				CLANG_WARN_NON_LITERAL_NULL_CONVERSION = YES;
				CLANG_WARN_OBJC_IMPLICIT_RETAIN_SELF = YES;
				CLANG_WARN_OBJC_LITERAL_CONVERSION = YES;
				CLANG_WARN_OBJC_ROOT_CLASS = YES_ERROR;
				CLANG_WARN_QUOTED_INCLUDE_IN_FRAMEWORK_HEADER = YES;
				CLANG_WARN_RANGE_LOOP_ANALYSIS = YES;
				CLANG_WARN_STRICT_PROTOTYPES = YES;
				CLANG_WARN_SUSPICIOUS_MOVE = YES;
				CLANG_WARN_UNGUARDED_AVAILABILITY = YES_AGGRESSIVE;
				CLANG_WARN_UNREACHABLE_CODE = YES;
				CLANG_WARN__DUPLICATE_METHOD_MATCH = YES;
				COPY_PHASE_STRIP = NO;
				CURRENT_PROJECT_VERSION = 1;
				DEBUG_INFORMATION_FORMAT = dwarf;
				ENABLE_STRICT_OBJC_MSGSEND = YES;
				ENABLE_TESTABILITY = YES;
				ENABLE_USER_SCRIPT_SANDBOXING = YES;
				GCC_C_LANGUAGE_STANDARD = gnu17;
				GCC_DYNAMIC_NO_PIC = NO;
				GCC_NO_COMMON_BLOCKS = YES;
				GCC_OPTIMIZATION_LEVEL = 0;
				GCC_PREPROCESSOR_DEFINITIONS = (
					"DEBUG=1",
					"$(inherited)",
				);
				GCC_WARN_64_TO_32_BIT_CONVERSION = YES;
				GCC_WARN_ABOUT_RETURN_TYPE = YES_ERROR;
				GCC_WARN_UNDECLARED_SELECTOR = YES;
				GCC_WARN_UNINITIALIZED_AUTOS = YES_AGGRESSIVE;
				GCC_WARN_UNUSED_FUNCTION = YES;
				GCC_WARN_UNUSED_VARIABLE = YES;
				LOCALIZATION_PREFERS_STRING_CATALOGS = YES;
				MACOSX_DEPLOYMENT_TARGET = 14.2;
				MTL_ENABLE_DEBUG_INFO = INCLUDE_SOURCE;
				MTL_FAST_MATH = YES;
				ONLY_ACTIVE_ARCH = YES;
				SDKROOT = macosx;
				SWIFT_ACTIVE_COMPILATION_CONDITIONS = "DEBUG $(inherited)";
				SWIFT_OPTIMIZATION_LEVEL = "-Onone";
				VERSIONING_SYSTEM = "apple-generic";
				VERSION_INFO_PREFIX = "";
			};
			name = Debug;
		};
		D41620482B73C17F00E6E0CA /* Release */ = {
			isa = XCBuildConfiguration;
			baseConfigurationReference = D4675D202B73C57D00139CC3 /* Warnings.xcconfig */;
			buildSettings = {
				ALWAYS_SEARCH_USER_PATHS = NO;
				ASSETCATALOG_COMPILER_GENERATE_SWIFT_ASSET_SYMBOL_EXTENSIONS = YES;
				CLANG_ANALYZER_NONNULL = YES;
				CLANG_ANALYZER_NUMBER_OBJECT_CONVERSION = YES_AGGRESSIVE;
				CLANG_CXX_LANGUAGE_STANDARD = "gnu++20";
				CLANG_ENABLE_MODULES = YES;
				CLANG_ENABLE_OBJC_ARC = YES;
				CLANG_ENABLE_OBJC_WEAK = YES;
				CLANG_WARN_BLOCK_CAPTURE_AUTORELEASING = YES;
				CLANG_WARN_BOOL_CONVERSION = YES;
				CLANG_WARN_COMMA = YES;
				CLANG_WARN_CONSTANT_CONVERSION = YES;
				CLANG_WARN_DEPRECATED_OBJC_IMPLEMENTATIONS = YES;
				CLANG_WARN_DIRECT_OBJC_ISA_USAGE = YES_ERROR;
				CLANG_WARN_DOCUMENTATION_COMMENTS = YES;
				CLANG_WARN_EMPTY_BODY = YES;
				CLANG_WARN_ENUM_CONVERSION = YES;
				CLANG_WARN_INFINITE_RECURSION = YES;
				CLANG_WARN_INT_CONVERSION = YES;
				CLANG_WARN_NON_LITERAL_NULL_CONVERSION = YES;
				CLANG_WARN_OBJC_IMPLICIT_RETAIN_SELF = YES;
				CLANG_WARN_OBJC_LITERAL_CONVERSION = YES;
				CLANG_WARN_OBJC_ROOT_CLASS = YES_ERROR;
				CLANG_WARN_QUOTED_INCLUDE_IN_FRAMEWORK_HEADER = YES;
				CLANG_WARN_RANGE_LOOP_ANALYSIS = YES;
				CLANG_WARN_STRICT_PROTOTYPES = YES;
				CLANG_WARN_SUSPICIOUS_MOVE = YES;
				CLANG_WARN_UNGUARDED_AVAILABILITY = YES_AGGRESSIVE;
				CLANG_WARN_UNREACHABLE_CODE = YES;
				CLANG_WARN__DUPLICATE_METHOD_MATCH = YES;
				COPY_PHASE_STRIP = NO;
				CURRENT_PROJECT_VERSION = 1;
				DEBUG_INFORMATION_FORMAT = "dwarf-with-dsym";
				ENABLE_NS_ASSERTIONS = NO;
				ENABLE_STRICT_OBJC_MSGSEND = YES;
				ENABLE_USER_SCRIPT_SANDBOXING = YES;
				GCC_C_LANGUAGE_STANDARD = gnu17;
				GCC_NO_COMMON_BLOCKS = YES;
				GCC_WARN_64_TO_32_BIT_CONVERSION = YES;
				GCC_WARN_ABOUT_RETURN_TYPE = YES_ERROR;
				GCC_WARN_UNDECLARED_SELECTOR = YES;
				GCC_WARN_UNINITIALIZED_AUTOS = YES_AGGRESSIVE;
				GCC_WARN_UNUSED_FUNCTION = YES;
				GCC_WARN_UNUSED_VARIABLE = YES;
				LOCALIZATION_PREFERS_STRING_CATALOGS = YES;
				MACOSX_DEPLOYMENT_TARGET = 14.2;
				MTL_ENABLE_DEBUG_INFO = NO;
				MTL_FAST_MATH = YES;
				SDKROOT = macosx;
				SWIFT_COMPILATION_MODE = wholemodule;
				VERSIONING_SYSTEM = "apple-generic";
				VERSION_INFO_PREFIX = "";
			};
			name = Release;
		};
		D416204A2B73C17F00E6E0CA /* Debug */ = {
			isa = XCBuildConfiguration;
			buildSettings = {
				CODE_SIGN_STYLE = Automatic;
				COMBINE_HIDPI_IMAGES = YES;
				CURRENT_PROJECT_VERSION = 1;
				DEFINES_MODULE = NO;
				DEVELOPMENT_TEAM = P53V4JS928;
				DYLIB_COMPATIBILITY_VERSION = 1;
				DYLIB_CURRENT_VERSION = 1;
				DYLIB_INSTALL_NAME_BASE = "@rpath";
				ENABLE_MODULE_VERIFIER = YES;
				GENERATE_INFOPLIST_FILE = YES;
				INFOPLIST_KEY_NSHumanReadableCopyright = "";
				INSTALL_PATH = "$(LOCAL_LIBRARY_DIR)/Frameworks";
				IPHONEOS_DEPLOYMENT_TARGET = 16.0;
				LD_RUNPATH_SEARCH_PATHS = (
					"$(inherited)",
					"@executable_path/../Frameworks",
					"@loader_path/Frameworks",
				);
				MACOSX_DEPLOYMENT_TARGET = 13.0;
				MARKETING_VERSION = 1.0;
				MODULE_VERIFIER_SUPPORTED_LANGUAGES = "objective-c objective-c++";
				MODULE_VERIFIER_SUPPORTED_LANGUAGE_STANDARDS = "gnu17 gnu++20";
				PRODUCT_BUNDLE_IDENTIFIER = org.recovrr.SwiftMLSDK;
				PRODUCT_NAME = "$(TARGET_NAME:c99extidentifier)";
				SKIP_INSTALL = YES;
				SUPPORTED_PLATFORMS = "appletvos appletvsimulator iphoneos iphonesimulator macosx watchos watchsimulator";
				SUPPORTS_MACCATALYST = NO;
				SUPPORTS_XR_DESIGNED_FOR_IPHONE_IPAD = NO;
				SWIFT_EMIT_LOC_STRINGS = YES;
				SWIFT_VERSION = 5.0;
				TARGETED_DEVICE_FAMILY = "1,2,3,4";
				TVOS_DEPLOYMENT_TARGET = 16.0;
				WATCHOS_DEPLOYMENT_TARGET = 9.0;
			};
			name = Debug;
		};
		D416204B2B73C17F00E6E0CA /* Release */ = {
			isa = XCBuildConfiguration;
			buildSettings = {
				CODE_SIGN_STYLE = Automatic;
				COMBINE_HIDPI_IMAGES = YES;
				CURRENT_PROJECT_VERSION = 1;
				DEFINES_MODULE = NO;
				DEVELOPMENT_TEAM = P53V4JS928;
				DYLIB_COMPATIBILITY_VERSION = 1;
				DYLIB_CURRENT_VERSION = 1;
				DYLIB_INSTALL_NAME_BASE = "@rpath";
				ENABLE_MODULE_VERIFIER = YES;
				GENERATE_INFOPLIST_FILE = YES;
				INFOPLIST_KEY_NSHumanReadableCopyright = "";
				INSTALL_PATH = "$(LOCAL_LIBRARY_DIR)/Frameworks";
				IPHONEOS_DEPLOYMENT_TARGET = 16.0;
				LD_RUNPATH_SEARCH_PATHS = (
					"$(inherited)",
					"@executable_path/../Frameworks",
					"@loader_path/Frameworks",
				);
				MACOSX_DEPLOYMENT_TARGET = 13.0;
				MARKETING_VERSION = 1.0;
				MODULE_VERIFIER_SUPPORTED_LANGUAGES = "objective-c objective-c++";
				MODULE_VERIFIER_SUPPORTED_LANGUAGE_STANDARDS = "gnu17 gnu++20";
				PRODUCT_BUNDLE_IDENTIFIER = org.recovrr.SwiftMLSDK;
				PRODUCT_NAME = "$(TARGET_NAME:c99extidentifier)";
				SKIP_INSTALL = YES;
				SUPPORTED_PLATFORMS = "appletvos appletvsimulator iphoneos iphonesimulator macosx watchos watchsimulator";
				SUPPORTS_MACCATALYST = NO;
				SUPPORTS_XR_DESIGNED_FOR_IPHONE_IPAD = NO;
				SWIFT_EMIT_LOC_STRINGS = YES;
				SWIFT_VERSION = 5.0;
				TARGETED_DEVICE_FAMILY = "1,2,3,4";
				TVOS_DEPLOYMENT_TARGET = 16.0;
				WATCHOS_DEPLOYMENT_TARGET = 9.0;
			};
			name = Release;
		};
		D416204D2B73C17F00E6E0CA /* Debug */ = {
			isa = XCBuildConfiguration;
			buildSettings = {
				CODE_SIGN_STYLE = Automatic;
				CURRENT_PROJECT_VERSION = 1;
				DEVELOPMENT_TEAM = P53V4JS928;
				GENERATE_INFOPLIST_FILE = YES;
				IPHONEOS_DEPLOYMENT_TARGET = 16.0;
				MACOSX_DEPLOYMENT_TARGET = 13.0;
				MARKETING_VERSION = 1.0;
				PRODUCT_BUNDLE_IDENTIFIER = org.recovrr.SwiftMLSDKTests;
				PRODUCT_NAME = "$(TARGET_NAME)";
				SUPPORTED_PLATFORMS = "appletvos appletvsimulator iphoneos iphonesimulator macosx watchos watchsimulator";
				SUPPORTS_MACCATALYST = NO;
				SWIFT_EMIT_LOC_STRINGS = NO;
				SWIFT_VERSION = 5.0;
				TARGETED_DEVICE_FAMILY = "1,2,3,4";
				TVOS_DEPLOYMENT_TARGET = 16.0;
				WATCHOS_DEPLOYMENT_TARGET = 9.0;
			};
			name = Debug;
		};
		D416204E2B73C17F00E6E0CA /* Release */ = {
			isa = XCBuildConfiguration;
			buildSettings = {
				CODE_SIGN_STYLE = Automatic;
				CURRENT_PROJECT_VERSION = 1;
				DEVELOPMENT_TEAM = P53V4JS928;
				GENERATE_INFOPLIST_FILE = YES;
				IPHONEOS_DEPLOYMENT_TARGET = 16.0;
				MACOSX_DEPLOYMENT_TARGET = 13.0;
				MARKETING_VERSION = 1.0;
				PRODUCT_BUNDLE_IDENTIFIER = org.recovrr.SwiftMLSDKTests;
				PRODUCT_NAME = "$(TARGET_NAME)";
				SUPPORTED_PLATFORMS = "appletvos appletvsimulator iphoneos iphonesimulator macosx watchos watchsimulator";
				SUPPORTS_MACCATALYST = NO;
				SWIFT_EMIT_LOC_STRINGS = NO;
				SWIFT_VERSION = 5.0;
				TARGETED_DEVICE_FAMILY = "1,2,3,4";
				TVOS_DEPLOYMENT_TARGET = 16.0;
				WATCHOS_DEPLOYMENT_TARGET = 9.0;
			};
			name = Release;
		};
/* End XCBuildConfiguration section */

/* Begin XCConfigurationList section */
		D416202F2B73C17F00E6E0CA /* Build configuration list for PBXProject "SwiftMLSDK" */ = {
			isa = XCConfigurationList;
			buildConfigurations = (
				D41620472B73C17F00E6E0CA /* Debug */,
				D41620482B73C17F00E6E0CA /* Release */,
			);
			defaultConfigurationIsVisible = 0;
			defaultConfigurationName = Release;
		};
		D41620492B73C17F00E6E0CA /* Build configuration list for PBXNativeTarget "SwiftMLSDK" */ = {
			isa = XCConfigurationList;
			buildConfigurations = (
				D416204A2B73C17F00E6E0CA /* Debug */,
				D416204B2B73C17F00E6E0CA /* Release */,
			);
			defaultConfigurationIsVisible = 0;
			defaultConfigurationName = Release;
		};
		D416204C2B73C17F00E6E0CA /* Build configuration list for PBXNativeTarget "SwiftMLSDKTests" */ = {
			isa = XCConfigurationList;
			buildConfigurations = (
				D416204D2B73C17F00E6E0CA /* Debug */,
				D416204E2B73C17F00E6E0CA /* Release */,
			);
			defaultConfigurationIsVisible = 0;
			defaultConfigurationName = Release;
		};
/* End XCConfigurationList section */
	};
	rootObject = D416202C2B73C17F00E6E0CA /* Project object */;
}
