// !$*UTF8*$!
{
	archiveVersion = 1;
	classes = {
	};
	objectVersion = 56;
	objects = {

/* Begin PBXBuildFile section */
		D4BAD65B2B7EC1CD00B2B62B /* SwiftBMLSDKTestHarnessApp.swift in Sources */ = {isa = PBXBuildFile; fileRef = D4BAD65A2B7EC1CD00B2B62B /* SwiftBMLSDKTestHarnessApp.swift */; };
		D4BAD65F2B7EC1CD00B2B62B /* Assets.xcassets in Resources */ = {isa = PBXBuildFile; fileRef = D4BAD65E2B7EC1CD00B2B62B /* Assets.xcassets */; };
		D4BAD6622B7EC1CD00B2B62B /* Preview Assets.xcassets in Resources */ = {isa = PBXBuildFile; fileRef = D4BAD6612B7EC1CD00B2B62B /* Preview Assets.xcassets */; };
		D4BAD6692B7EC22000B2B62B /* SwiftMLSDK_MainTabView.swift in Sources */ = {isa = PBXBuildFile; fileRef = D4BAD6682B7EC22000B2B62B /* SwiftMLSDK_MainTabView.swift */; };
		D4BAD66B2B7EC28000B2B62B /* SwiftMLSDK_SearchView.swift in Sources */ = {isa = PBXBuildFile; fileRef = D4BAD66A2B7EC28000B2B62B /* SwiftMLSDK_SearchView.swift */; };
		D4BAD66D2B7EC2BE00B2B62B /* SwiftMLSDK_MapView.swift in Sources */ = {isa = PBXBuildFile; fileRef = D4BAD66C2B7EC2BE00B2B62B /* SwiftMLSDK_MapView.swift */; };
		D4BAD66F2B7EC2FE00B2B62B /* SwiftMLSDK_TextProcessView.swift in Sources */ = {isa = PBXBuildFile; fileRef = D4BAD66E2B7EC2FE00B2B62B /* SwiftMLSDK_TextProcessView.swift */; };
		D4BAD6712B7EC37800B2B62B /* Localizable.strings in Resources */ = {isa = PBXBuildFile; fileRef = D4BAD6702B7EC37800B2B62B /* Localizable.strings */; };
		D4BAD67E2B7EC7FD00B2B62B /* SwiftBMLSDK.framework in Frameworks */ = {isa = PBXBuildFile; fileRef = D4BAD67D2B7EC7FD00B2B62B /* SwiftBMLSDK.framework */; };
		D4BAD67F2B7EC7FD00B2B62B /* SwiftBMLSDK.framework in Embed Frameworks */ = {isa = PBXBuildFile; fileRef = D4BAD67D2B7EC7FD00B2B62B /* SwiftBMLSDK.framework */; settings = {ATTRIBUTES = (CodeSignOnCopy, RemoveHeadersOnCopy, ); }; };
		D4BAD6832B7EDB5E00B2B62B /* Warnings.xcconfig in Resources */ = {isa = PBXBuildFile; fileRef = D4BAD6822B7EDB5E00B2B62B /* Warnings.xcconfig */; };
/* End PBXBuildFile section */

/* Begin PBXCopyFilesBuildPhase section */
		D4BAD6802B7EC7FD00B2B62B /* Embed Frameworks */ = {
			isa = PBXCopyFilesBuildPhase;
			buildActionMask = 2147483647;
			dstPath = "";
			dstSubfolderSpec = 10;
			files = (
				D4BAD67F2B7EC7FD00B2B62B /* SwiftBMLSDK.framework in Embed Frameworks */,
			);
			name = "Embed Frameworks";
			runOnlyForDeploymentPostprocessing = 0;
		};
/* End PBXCopyFilesBuildPhase section */

/* Begin PBXFileReference section */
		D4BAD6572B7EC1CD00B2B62B /* SwiftBMLSDKTestHarness.app */ = {isa = PBXFileReference; explicitFileType = wrapper.application; includeInIndex = 0; path = SwiftBMLSDKTestHarness.app; sourceTree = BUILT_PRODUCTS_DIR; };
		D4BAD65A2B7EC1CD00B2B62B /* SwiftBMLSDKTestHarnessApp.swift */ = {isa = PBXFileReference; lastKnownFileType = sourcecode.swift; path = SwiftBMLSDKTestHarnessApp.swift; sourceTree = "<group>"; };
		D4BAD65E2B7EC1CD00B2B62B /* Assets.xcassets */ = {isa = PBXFileReference; lastKnownFileType = folder.assetcatalog; path = Assets.xcassets; sourceTree = "<group>"; };
		D4BAD6612B7EC1CD00B2B62B /* Preview Assets.xcassets */ = {isa = PBXFileReference; lastKnownFileType = folder.assetcatalog; path = "Preview Assets.xcassets"; sourceTree = "<group>"; };
		D4BAD6682B7EC22000B2B62B /* SwiftMLSDK_MainTabView.swift */ = {isa = PBXFileReference; fileEncoding = 4; lastKnownFileType = sourcecode.swift; path = SwiftMLSDK_MainTabView.swift; sourceTree = "<group>"; };
		D4BAD66A2B7EC28000B2B62B /* SwiftMLSDK_SearchView.swift */ = {isa = PBXFileReference; fileEncoding = 4; lastKnownFileType = sourcecode.swift; path = SwiftMLSDK_SearchView.swift; sourceTree = "<group>"; };
		D4BAD66C2B7EC2BE00B2B62B /* SwiftMLSDK_MapView.swift */ = {isa = PBXFileReference; fileEncoding = 4; lastKnownFileType = sourcecode.swift; path = SwiftMLSDK_MapView.swift; sourceTree = "<group>"; };
		D4BAD66E2B7EC2FE00B2B62B /* SwiftMLSDK_TextProcessView.swift */ = {isa = PBXFileReference; fileEncoding = 4; lastKnownFileType = sourcecode.swift; path = SwiftMLSDK_TextProcessView.swift; sourceTree = "<group>"; };
		D4BAD6702B7EC37800B2B62B /* Localizable.strings */ = {isa = PBXFileReference; fileEncoding = 4; lastKnownFileType = text.plist.strings; path = Localizable.strings; sourceTree = "<group>"; };
		D4BAD67D2B7EC7FD00B2B62B /* SwiftBMLSDK.framework */ = {isa = PBXFileReference; explicitFileType = wrapper.framework; path = SwiftBMLSDK.framework; sourceTree = BUILT_PRODUCTS_DIR; };
		D4BAD6822B7EDB5E00B2B62B /* Warnings.xcconfig */ = {isa = PBXFileReference; fileEncoding = 4; lastKnownFileType = text.xcconfig; name = Warnings.xcconfig; path = Meta/Warnings.xcconfig; sourceTree = "<group>"; };
/* End PBXFileReference section */

/* Begin PBXFrameworksBuildPhase section */
		D4BAD6542B7EC1CD00B2B62B /* Frameworks */ = {
			isa = PBXFrameworksBuildPhase;
			buildActionMask = 2147483647;
			files = (
				D4BAD67E2B7EC7FD00B2B62B /* SwiftBMLSDK.framework in Frameworks */,
			);
			runOnlyForDeploymentPostprocessing = 0;
		};
/* End PBXFrameworksBuildPhase section */

/* Begin PBXGroup section */
		D4BAD64E2B7EC1CD00B2B62B = {
			isa = PBXGroup;
			children = (
				D4BAD6812B7EDB5100B2B62B /* Meta */,
				D4BAD6592B7EC1CD00B2B62B /* SwiftBMLSDKTestHarness */,
				D4BAD6582B7EC1CD00B2B62B /* Products */,
				D4BAD67C2B7EC7FD00B2B62B /* Frameworks */,
			);
			sourceTree = "<group>";
		};
		D4BAD6582B7EC1CD00B2B62B /* Products */ = {
			isa = PBXGroup;
			children = (
				D4BAD6572B7EC1CD00B2B62B /* SwiftBMLSDKTestHarness.app */,
			);
			name = Products;
			sourceTree = "<group>";
		};
		D4BAD6592B7EC1CD00B2B62B /* SwiftBMLSDKTestHarness */ = {
			isa = PBXGroup;
			children = (
				D4BAD65A2B7EC1CD00B2B62B /* SwiftBMLSDKTestHarnessApp.swift */,
				D4BAD6682B7EC22000B2B62B /* SwiftMLSDK_MainTabView.swift */,
				D4BAD66A2B7EC28000B2B62B /* SwiftMLSDK_SearchView.swift */,
				D4BAD66C2B7EC2BE00B2B62B /* SwiftMLSDK_MapView.swift */,
				D4BAD66E2B7EC2FE00B2B62B /* SwiftMLSDK_TextProcessView.swift */,
				D4BAD6752B7EC3F800B2B62B /* Resources */,
				D4BAD6602B7EC1CD00B2B62B /* Preview Content */,
			);
			path = SwiftBMLSDKTestHarness;
			sourceTree = "<group>";
		};
		D4BAD6602B7EC1CD00B2B62B /* Preview Content */ = {
			isa = PBXGroup;
			children = (
				D4BAD6612B7EC1CD00B2B62B /* Preview Assets.xcassets */,
			);
			path = "Preview Content";
			sourceTree = "<group>";
		};
		D4BAD6752B7EC3F800B2B62B /* Resources */ = {
			isa = PBXGroup;
			children = (
				D4BAD65E2B7EC1CD00B2B62B /* Assets.xcassets */,
				D4BAD6702B7EC37800B2B62B /* Localizable.strings */,
			);
			path = Resources;
			sourceTree = "<group>";
		};
		D4BAD67C2B7EC7FD00B2B62B /* Frameworks */ = {
			isa = PBXGroup;
			children = (
				D4BAD67D2B7EC7FD00B2B62B /* SwiftBMLSDK.framework */,
			);
			name = Frameworks;
			sourceTree = "<group>";
		};
		D4BAD6812B7EDB5100B2B62B /* Meta */ = {
			isa = PBXGroup;
			children = (
				D4BAD6822B7EDB5E00B2B62B /* Warnings.xcconfig */,
			);
			name = Meta;
			sourceTree = "<group>";
		};
/* End PBXGroup section */

/* Begin PBXNativeTarget section */
		D4BAD6562B7EC1CD00B2B62B /* SwiftBMLSDKTestHarness */ = {
			isa = PBXNativeTarget;
			buildConfigurationList = D4BAD6652B7EC1CD00B2B62B /* Build configuration list for PBXNativeTarget "SwiftBMLSDKTestHarness" */;
			buildPhases = (
				D4BAD6532B7EC1CD00B2B62B /* Sources */,
				D4BAD6542B7EC1CD00B2B62B /* Frameworks */,
				D4BAD6552B7EC1CD00B2B62B /* Resources */,
				D4BAD6802B7EC7FD00B2B62B /* Embed Frameworks */,
			);
			buildRules = (
			);
			dependencies = (
			);
			name = SwiftBMLSDKTestHarness;
			packageProductDependencies = (
			);
			productName = SwiftBMLSDKTestHarness;
			productReference = D4BAD6572B7EC1CD00B2B62B /* SwiftBMLSDKTestHarness.app */;
			productType = "com.apple.product-type.application";
		};
/* End PBXNativeTarget section */

/* Begin PBXProject section */
		D4BAD64F2B7EC1CD00B2B62B /* Project object */ = {
			isa = PBXProject;
			attributes = {
				BuildIndependentTargetsInParallel = 1;
				LastSwiftUpdateCheck = 1520;
				LastUpgradeCheck = 1520;
				TargetAttributes = {
					D4BAD6562B7EC1CD00B2B62B = {
						CreatedOnToolsVersion = 15.2;
					};
				};
			};
			buildConfigurationList = D4BAD6522B7EC1CD00B2B62B /* Build configuration list for PBXProject "SwiftBMLSDKTestHarness" */;
			compatibilityVersion = "Xcode 14.0";
			developmentRegion = en;
			hasScannedForEncodings = 0;
			knownRegions = (
				en,
				Base,
			);
			mainGroup = D4BAD64E2B7EC1CD00B2B62B;
			packageReferences = (
			);
			productRefGroup = D4BAD6582B7EC1CD00B2B62B /* Products */;
			projectDirPath = "";
			projectRoot = "";
			targets = (
				D4BAD6562B7EC1CD00B2B62B /* SwiftBMLSDKTestHarness */,
			);
		};
/* End PBXProject section */

/* Begin PBXResourcesBuildPhase section */
		D4BAD6552B7EC1CD00B2B62B /* Resources */ = {
			isa = PBXResourcesBuildPhase;
			buildActionMask = 2147483647;
			files = (
				D4BAD6622B7EC1CD00B2B62B /* Preview Assets.xcassets in Resources */,
				D4BAD6832B7EDB5E00B2B62B /* Warnings.xcconfig in Resources */,
				D4BAD6712B7EC37800B2B62B /* Localizable.strings in Resources */,
				D4BAD65F2B7EC1CD00B2B62B /* Assets.xcassets in Resources */,
			);
			runOnlyForDeploymentPostprocessing = 0;
		};
/* End PBXResourcesBuildPhase section */

/* Begin PBXSourcesBuildPhase section */
		D4BAD6532B7EC1CD00B2B62B /* Sources */ = {
			isa = PBXSourcesBuildPhase;
			buildActionMask = 2147483647;
			files = (
				D4BAD66F2B7EC2FE00B2B62B /* SwiftMLSDK_TextProcessView.swift in Sources */,
				D4BAD66D2B7EC2BE00B2B62B /* SwiftMLSDK_MapView.swift in Sources */,
				D4BAD6692B7EC22000B2B62B /* SwiftMLSDK_MainTabView.swift in Sources */,
				D4BAD66B2B7EC28000B2B62B /* SwiftMLSDK_SearchView.swift in Sources */,
				D4BAD65B2B7EC1CD00B2B62B /* SwiftBMLSDKTestHarnessApp.swift in Sources */,
			);
			runOnlyForDeploymentPostprocessing = 0;
		};
/* End PBXSourcesBuildPhase section */

/* Begin XCBuildConfiguration section */
		D4BAD6632B7EC1CD00B2B62B /* Debug */ = {
			isa = XCBuildConfiguration;
			baseConfigurationReference = D4BAD6822B7EDB5E00B2B62B /* Warnings.xcconfig */;
			buildSettings = {
				ALWAYS_SEARCH_USER_PATHS = NO;
				ASSETCATALOG_COMPILER_GENERATE_SWIFT_ASSET_SYMBOL_EXTENSIONS = YES;
				CLANG_ANALYZER_NONNULL = YES;
				CLANG_ANALYZER_NUMBER_OBJECT_CONVERSION = YES_AGGRESSIVE;
				CLANG_CXX_LANGUAGE_STANDARD = "gnu++20";
				CLANG_ENABLE_MODULES = YES;
				CLANG_ENABLE_OBJC_ARC = YES;
				CLANG_ENABLE_OBJC_WEAK = YES;
				CLANG_WARN_BLOCK_CAPTURE_AUTORELEASING = YES;
				CLANG_WARN_BOOL_CONVERSION = YES;
				CLANG_WARN_COMMA = YES;
				CLANG_WARN_CONSTANT_CONVERSION = YES;
				CLANG_WARN_DEPRECATED_OBJC_IMPLEMENTATIONS = YES;
				CLANG_WARN_DIRECT_OBJC_ISA_USAGE = YES_ERROR;
				CLANG_WARN_DOCUMENTATION_COMMENTS = YES;
				CLANG_WARN_EMPTY_BODY = YES;
				CLANG_WARN_ENUM_CONVERSION = YES;
				CLANG_WARN_INFINITE_RECURSION = YES;
				CLANG_WARN_INT_CONVERSION = YES;
				CLANG_WARN_NON_LITERAL_NULL_CONVERSION = YES;
				CLANG_WARN_OBJC_IMPLICIT_RETAIN_SELF = YES;
				CLANG_WARN_OBJC_LITERAL_CONVERSION = YES;
				CLANG_WARN_OBJC_ROOT_CLASS = YES_ERROR;
				CLANG_WARN_QUOTED_INCLUDE_IN_FRAMEWORK_HEADER = YES;
				CLANG_WARN_RANGE_LOOP_ANALYSIS = YES;
				CLANG_WARN_STRICT_PROTOTYPES = YES;
				CLANG_WARN_SUSPICIOUS_MOVE = YES;
				CLANG_WARN_UNGUARDED_AVAILABILITY = YES_AGGRESSIVE;
				CLANG_WARN_UNREACHABLE_CODE = YES;
				CLANG_WARN__DUPLICATE_METHOD_MATCH = YES;
				COPY_PHASE_STRIP = NO;
				DEBUG_INFORMATION_FORMAT = dwarf;
				ENABLE_STRICT_OBJC_MSGSEND = YES;
				ENABLE_TESTABILITY = YES;
				ENABLE_USER_SCRIPT_SANDBOXING = YES;
				GCC_C_LANGUAGE_STANDARD = gnu17;
				GCC_DYNAMIC_NO_PIC = NO;
				GCC_NO_COMMON_BLOCKS = YES;
				GCC_OPTIMIZATION_LEVEL = 0;
				GCC_PREPROCESSOR_DEFINITIONS = (
					"DEBUG=1",
					"$(inherited)",
				);
				GCC_WARN_64_TO_32_BIT_CONVERSION = YES;
				GCC_WARN_ABOUT_RETURN_TYPE = YES_ERROR;
				GCC_WARN_UNDECLARED_SELECTOR = YES;
				GCC_WARN_UNINITIALIZED_AUTOS = YES_AGGRESSIVE;
				GCC_WARN_UNUSED_FUNCTION = YES;
				GCC_WARN_UNUSED_VARIABLE = YES;
				IPHONEOS_DEPLOYMENT_TARGET = 17.2;
				LOCALIZATION_PREFERS_STRING_CATALOGS = YES;
				MTL_ENABLE_DEBUG_INFO = INCLUDE_SOURCE;
				MTL_FAST_MATH = YES;
				ONLY_ACTIVE_ARCH = YES;
				SDKROOT = iphoneos;
				SWIFT_ACTIVE_COMPILATION_CONDITIONS = "DEBUG $(inherited)";
				SWIFT_OPTIMIZATION_LEVEL = "-Onone";
			};
			name = Debug;
		};
		D4BAD6642B7EC1CD00B2B62B /* Release */ = {
			isa = XCBuildConfiguration;
			baseConfigurationReference = D4BAD6822B7EDB5E00B2B62B /* Warnings.xcconfig */;
			buildSettings = {
				ALWAYS_SEARCH_USER_PATHS = NO;
				ASSETCATALOG_COMPILER_GENERATE_SWIFT_ASSET_SYMBOL_EXTENSIONS = YES;
				CLANG_ANALYZER_NONNULL = YES;
				CLANG_ANALYZER_NUMBER_OBJECT_CONVERSION = YES_AGGRESSIVE;
				CLANG_CXX_LANGUAGE_STANDARD = "gnu++20";
				CLANG_ENABLE_MODULES = YES;
				CLANG_ENABLE_OBJC_ARC = YES;
				CLANG_ENABLE_OBJC_WEAK = YES;
				CLANG_WARN_BLOCK_CAPTURE_AUTORELEASING = YES;
				CLANG_WARN_BOOL_CONVERSION = YES;
				CLANG_WARN_COMMA = YES;
				CLANG_WARN_CONSTANT_CONVERSION = YES;
				CLANG_WARN_DEPRECATED_OBJC_IMPLEMENTATIONS = YES;
				CLANG_WARN_DIRECT_OBJC_ISA_USAGE = YES_ERROR;
				CLANG_WARN_DOCUMENTATION_COMMENTS = YES;
				CLANG_WARN_EMPTY_BODY = YES;
				CLANG_WARN_ENUM_CONVERSION = YES;
				CLANG_WARN_INFINITE_RECURSION = YES;
				CLANG_WARN_INT_CONVERSION = YES;
				CLANG_WARN_NON_LITERAL_NULL_CONVERSION = YES;
				CLANG_WARN_OBJC_IMPLICIT_RETAIN_SELF = YES;
				CLANG_WARN_OBJC_LITERAL_CONVERSION = YES;
				CLANG_WARN_OBJC_ROOT_CLASS = YES_ERROR;
				CLANG_WARN_QUOTED_INCLUDE_IN_FRAMEWORK_HEADER = YES;
				CLANG_WARN_RANGE_LOOP_ANALYSIS = YES;
				CLANG_WARN_STRICT_PROTOTYPES = YES;
				CLANG_WARN_SUSPICIOUS_MOVE = YES;
				CLANG_WARN_UNGUARDED_AVAILABILITY = YES_AGGRESSIVE;
				CLANG_WARN_UNREACHABLE_CODE = YES;
				CLANG_WARN__DUPLICATE_METHOD_MATCH = YES;
				COPY_PHASE_STRIP = NO;
				DEBUG_INFORMATION_FORMAT = "dwarf-with-dsym";
				ENABLE_NS_ASSERTIONS = NO;
				ENABLE_STRICT_OBJC_MSGSEND = YES;
				ENABLE_USER_SCRIPT_SANDBOXING = YES;
				GCC_C_LANGUAGE_STANDARD = gnu17;
				GCC_NO_COMMON_BLOCKS = YES;
				GCC_WARN_64_TO_32_BIT_CONVERSION = YES;
				GCC_WARN_ABOUT_RETURN_TYPE = YES_ERROR;
				GCC_WARN_UNDECLARED_SELECTOR = YES;
				GCC_WARN_UNINITIALIZED_AUTOS = YES_AGGRESSIVE;
				GCC_WARN_UNUSED_FUNCTION = YES;
				GCC_WARN_UNUSED_VARIABLE = YES;
				IPHONEOS_DEPLOYMENT_TARGET = 17.2;
				LOCALIZATION_PREFERS_STRING_CATALOGS = YES;
				MTL_ENABLE_DEBUG_INFO = NO;
				MTL_FAST_MATH = YES;
				SDKROOT = iphoneos;
				SWIFT_COMPILATION_MODE = wholemodule;
				VALIDATE_PRODUCT = YES;
			};
			name = Release;
		};
		D4BAD6662B7EC1CD00B2B62B /* Debug */ = {
			isa = XCBuildConfiguration;
			buildSettings = {
				ASSETCATALOG_COMPILER_APPICON_NAME = AppIcon;
				ASSETCATALOG_COMPILER_GLOBAL_ACCENT_COLOR_NAME = AccentColor;
				CODE_SIGN_STYLE = Automatic;
				CURRENT_PROJECT_VERSION = 1;
				DEVELOPMENT_ASSET_PATHS = "\"SwiftBMLSDKTestHarness/Preview Content\"";
				DEVELOPMENT_TEAM = P53V4JS928;
				ENABLE_PREVIEWS = YES;
				GENERATE_INFOPLIST_FILE = YES;
				INFOPLIST_KEY_UIApplicationSceneManifest_Generation = YES;
				INFOPLIST_KEY_UIApplicationSupportsIndirectInputEvents = YES;
				INFOPLIST_KEY_UILaunchScreen_Generation = YES;
				INFOPLIST_KEY_UISupportedInterfaceOrientations_iPad = "UIInterfaceOrientationPortrait UIInterfaceOrientationPortraitUpsideDown UIInterfaceOrientationLandscapeLeft UIInterfaceOrientationLandscapeRight";
				INFOPLIST_KEY_UISupportedInterfaceOrientations_iPhone = "UIInterfaceOrientationPortrait UIInterfaceOrientationLandscapeLeft UIInterfaceOrientationLandscapeRight";
				IPHONEOS_DEPLOYMENT_TARGET = 17.0;
				LD_RUNPATH_SEARCH_PATHS = (
					"$(inherited)",
					"@executable_path/Frameworks",
				);
				MARKETING_VERSION = 1.0;
				PRODUCT_BUNDLE_IDENTIFIER = org.littlegreenviper.SwiftBMLSDKTestHarness;
				PRODUCT_NAME = "$(TARGET_NAME)";
				SWIFT_EMIT_LOC_STRINGS = YES;
				SWIFT_VERSION = 5.0;
				TARGETED_DEVICE_FAMILY = "1,2";
			};
			name = Debug;
		};
		D4BAD6672B7EC1CD00B2B62B /* Release */ = {
			isa = XCBuildConfiguration;
			buildSettings = {
				ASSETCATALOG_COMPILER_APPICON_NAME = AppIcon;
				ASSETCATALOG_COMPILER_GLOBAL_ACCENT_COLOR_NAME = AccentColor;
				CODE_SIGN_STYLE = Automatic;
				CURRENT_PROJECT_VERSION = 1;
				DEVELOPMENT_ASSET_PATHS = "\"SwiftBMLSDKTestHarness/Preview Content\"";
				DEVELOPMENT_TEAM = P53V4JS928;
				ENABLE_PREVIEWS = YES;
				GENERATE_INFOPLIST_FILE = YES;
				INFOPLIST_KEY_UIApplicationSceneManifest_Generation = YES;
				INFOPLIST_KEY_UIApplicationSupportsIndirectInputEvents = YES;
				INFOPLIST_KEY_UILaunchScreen_Generation = YES;
				INFOPLIST_KEY_UISupportedInterfaceOrientations_iPad = "UIInterfaceOrientationPortrait UIInterfaceOrientationPortraitUpsideDown UIInterfaceOrientationLandscapeLeft UIInterfaceOrientationLandscapeRight";
				INFOPLIST_KEY_UISupportedInterfaceOrientations_iPhone = "UIInterfaceOrientationPortrait UIInterfaceOrientationLandscapeLeft UIInterfaceOrientationLandscapeRight";
				IPHONEOS_DEPLOYMENT_TARGET = 17.0;
				LD_RUNPATH_SEARCH_PATHS = (
					"$(inherited)",
					"@executable_path/Frameworks",
				);
				MARKETING_VERSION = 1.0;
				PRODUCT_BUNDLE_IDENTIFIER = org.littlegreenviper.SwiftBMLSDKTestHarness;
				PRODUCT_NAME = "$(TARGET_NAME)";
				SWIFT_EMIT_LOC_STRINGS = YES;
				SWIFT_VERSION = 5.0;
				TARGETED_DEVICE_FAMILY = "1,2";
			};
			name = Release;
		};
/* End XCBuildConfiguration section */

/* Begin XCConfigurationList section */
		D4BAD6522B7EC1CD00B2B62B /* Build configuration list for PBXProject "SwiftBMLSDKTestHarness" */ = {
			isa = XCConfigurationList;
			buildConfigurations = (
				D4BAD6632B7EC1CD00B2B62B /* Debug */,
				D4BAD6642B7EC1CD00B2B62B /* Release */,
			);
			defaultConfigurationIsVisible = 0;
			defaultConfigurationName = Release;
		};
		D4BAD6652B7EC1CD00B2B62B /* Build configuration list for PBXNativeTarget "SwiftBMLSDKTestHarness" */ = {
			isa = XCConfigurationList;
			buildConfigurations = (
				D4BAD6662B7EC1CD00B2B62B /* Debug */,
				D4BAD6672B7EC1CD00B2B62B /* Release */,
			);
			defaultConfigurationIsVisible = 0;
			defaultConfigurationName = Release;
		};
/* End XCConfigurationList section */
	};
	rootObject = D4BAD64F2B7EC1CD00B2B62B /* Project object */;
}
