// !$*UTF8*$!
{
	archiveVersion = 1;
	classes = {
	};
	objectVersion = 56;
	objects = {

/* Begin PBXBuildFile section */
		D4011DAA2BA4A77F002C3292 /* PrivacyInfo.xcprivacy in Resources */ = {isa = PBXBuildFile; fileRef = D4011DA92BA4A77F002C3292 /* PrivacyInfo.xcprivacy */; };
		D4026F952BF6A8CC00649E81 /* SwiftBMLSDK_TestHarness_VirtualViewController.swift in Sources */ = {isa = PBXBuildFile; fileRef = D4026F932BF6A8CC00649E81 /* SwiftBMLSDK_TestHarness_VirtualViewController.swift */; };
		D406220E2B83B705009FFAB3 /* Localizable.strings in Resources */ = {isa = PBXBuildFile; fileRef = D40622102B83B705009FFAB3 /* Localizable.strings */; };
		D40622132B83B73F009FFAB3 /* InfoPlist.strings in Resources */ = {isa = PBXBuildFile; fileRef = D40622152B83B73F009FFAB3 /* InfoPlist.strings */; };
		D40622182B83BA1A009FFAB3 /* RVS_Generic_Swift_Toolbox in Frameworks */ = {isa = PBXBuildFile; productRef = D40622172B83BA1A009FFAB3 /* RVS_Generic_Swift_Toolbox */; };
		D406221A2B83BB16009FFAB3 /* SwiftBMLSDK_TestHarness_BaseViewController.swift in Sources */ = {isa = PBXBuildFile; fileRef = D40622192B83BB15009FFAB3 /* SwiftBMLSDK_TestHarness_BaseViewController.swift */; };
		D40823412BFB9F3D00269D87 /* SwiftBMLSDK_TestHarness_MeetingViewController.swift in Sources */ = {isa = PBXBuildFile; fileRef = D40823402BFB9F3D00269D87 /* SwiftBMLSDK_TestHarness_MeetingViewController.swift */; };
		D42740162B9134840019DC48 /* SwiftBMLSDK_TestHarness_MapResultsViewController.swift in Sources */ = {isa = PBXBuildFile; fileRef = D42740152B9134840019DC48 /* SwiftBMLSDK_TestHarness_MapResultsViewController.swift */; };
		D42740192B913C220019DC48 /* RVS_UIKit_Toolbox in Frameworks */ = {isa = PBXBuildFile; productRef = D42740182B913C220019DC48 /* RVS_UIKit_Toolbox */; };
		D449EBF62C020AF200929D0F /* LaunchScreen.storyboard in Resources */ = {isa = PBXBuildFile; fileRef = D449EBF52C020AF200929D0F /* LaunchScreen.storyboard */; };
		D4596F4E2B9278B3008B7D12 /* SwiftMLSDK_Map_AnnotationPopover_ViewController.swift in Sources */ = {isa = PBXBuildFile; fileRef = D4596F4D2B9278B3008B7D12 /* SwiftMLSDK_Map_AnnotationPopover_ViewController.swift */; };
		D476D4532B924F270015AFEF /* SwiftBMLSDK_MapMarker.swift in Sources */ = {isa = PBXBuildFile; fileRef = D476D4522B924F270015AFEF /* SwiftBMLSDK_MapMarker.swift */; };
		D47B17BC2C0208AA00B3452D /* Warnings.xcconfig in Resources */ = {isa = PBXBuildFile; fileRef = D47B17BB2C0208AA00B3452D /* Warnings.xcconfig */; };
		D47C81722B85204800783B49 /* RVS_Persistent_Prefs in Frameworks */ = {isa = PBXBuildFile; productRef = D47C81712B85204800783B49 /* RVS_Persistent_Prefs */; };
		D47C81742B85207600783B49 /* SwiftBMLSDK_TestHarness_Prefs.swift in Sources */ = {isa = PBXBuildFile; fileRef = D47C81732B85207600783B49 /* SwiftBMLSDK_TestHarness_Prefs.swift */; };
		D488D2952B82CE3F000979D9 /* SwiftBMLSDK_TestHarness_AppDelegate.swift in Sources */ = {isa = PBXBuildFile; fileRef = D488D2942B82CE3F000979D9 /* SwiftBMLSDK_TestHarness_AppDelegate.swift */; };
		D488D2972B82CE3F000979D9 /* SwiftBMLSDK_TestHarness_SceneDelegate.swift in Sources */ = {isa = PBXBuildFile; fileRef = D488D2962B82CE3F000979D9 /* SwiftBMLSDK_TestHarness_SceneDelegate.swift */; };
		D488D2992B82CE3F000979D9 /* SwiftBMLSDK_TestHarness_TabBarController.swift in Sources */ = {isa = PBXBuildFile; fileRef = D488D2982B82CE3F000979D9 /* SwiftBMLSDK_TestHarness_TabBarController.swift */; };
		D488D29C2B82CE3F000979D9 /* Main.storyboard in Resources */ = {isa = PBXBuildFile; fileRef = D488D29A2B82CE3F000979D9 /* Main.storyboard */; };
		D488D29E2B82CE40000979D9 /* Assets.xcassets in Resources */ = {isa = PBXBuildFile; fileRef = D488D29D2B82CE40000979D9 /* Assets.xcassets */; };
		D488D2AB2B82CF3F000979D9 /* SwiftBMLSDK.framework in Frameworks */ = {isa = PBXBuildFile; fileRef = D488D2AA2B82CF3F000979D9 /* SwiftBMLSDK.framework */; };
		D488D2AC2B82CF3F000979D9 /* SwiftBMLSDK.framework in Embed Frameworks */ = {isa = PBXBuildFile; fileRef = D488D2AA2B82CF3F000979D9 /* SwiftBMLSDK.framework */; settings = {ATTRIBUTES = (CodeSignOnCopy, RemoveHeadersOnCopy, ); }; };
		D4D4B7992B93FD0E0021EBD3 /* SwiftBMLSDK_TestHarness_InfoViewController.swift in Sources */ = {isa = PBXBuildFile; fileRef = D4D4B7982B93FD0E0021EBD3 /* SwiftBMLSDK_TestHarness_InfoViewController.swift */; };
		D4D5E1DF2B84062C002B769B /* SwiftBMLSDK_TestHarness_LocationSearchViewController.swift in Sources */ = {isa = PBXBuildFile; fileRef = D4D5E1DE2B84062C002B769B /* SwiftBMLSDK_TestHarness_LocationSearchViewController.swift */; };
		D4E0AFA52B8FAD4C00676B6B /* SwiftBMLSDK_TestHarness_MapViewController.swift in Sources */ = {isa = PBXBuildFile; fileRef = D4E0AFA42B8FAD4C00676B6B /* SwiftBMLSDK_TestHarness_MapViewController.swift */; };
/* End PBXBuildFile section */

/* Begin PBXCopyFilesBuildPhase section */
		D488D2AD2B82CF3F000979D9 /* Embed Frameworks */ = {
			isa = PBXCopyFilesBuildPhase;
			buildActionMask = 2147483647;
			dstPath = "";
			dstSubfolderSpec = 10;
			files = (
				D488D2AC2B82CF3F000979D9 /* SwiftBMLSDK.framework in Embed Frameworks */,
			);
			name = "Embed Frameworks";
			runOnlyForDeploymentPostprocessing = 0;
		};
/* End PBXCopyFilesBuildPhase section */

/* Begin PBXFileReference section */
		D4011DA92BA4A77F002C3292 /* PrivacyInfo.xcprivacy */ = {isa = PBXFileReference; fileEncoding = 4; lastKnownFileType = text.xml; path = PrivacyInfo.xcprivacy; sourceTree = "<group>"; };
		D4026F932BF6A8CC00649E81 /* SwiftBMLSDK_TestHarness_VirtualViewController.swift */ = {isa = PBXFileReference; fileEncoding = 4; lastKnownFileType = sourcecode.swift; path = SwiftBMLSDK_TestHarness_VirtualViewController.swift; sourceTree = "<group>"; };
		D406220F2B83B705009FFAB3 /* en */ = {isa = PBXFileReference; lastKnownFileType = text.plist.strings; name = en; path = en.lproj/Localizable.strings; sourceTree = "<group>"; };
		D40622142B83B73F009FFAB3 /* en */ = {isa = PBXFileReference; lastKnownFileType = text.plist.strings; name = en; path = en.lproj/InfoPlist.strings; sourceTree = "<group>"; };
		D40622192B83BB15009FFAB3 /* SwiftBMLSDK_TestHarness_BaseViewController.swift */ = {isa = PBXFileReference; fileEncoding = 4; lastKnownFileType = sourcecode.swift; path = SwiftBMLSDK_TestHarness_BaseViewController.swift; sourceTree = "<group>"; };
		D40823402BFB9F3D00269D87 /* SwiftBMLSDK_TestHarness_MeetingViewController.swift */ = {isa = PBXFileReference; fileEncoding = 4; lastKnownFileType = sourcecode.swift; name = SwiftBMLSDK_TestHarness_MeetingViewController.swift; path = Tabs/Virtual/SwiftBMLSDK_TestHarness_MeetingViewController.swift; sourceTree = "<group>"; };
		D42740152B9134840019DC48 /* SwiftBMLSDK_TestHarness_MapResultsViewController.swift */ = {isa = PBXFileReference; fileEncoding = 4; lastKnownFileType = sourcecode.swift; path = SwiftBMLSDK_TestHarness_MapResultsViewController.swift; sourceTree = "<group>"; };
		D449EBF52C020AF200929D0F /* LaunchScreen.storyboard */ = {isa = PBXFileReference; lastKnownFileType = file.storyboard; path = LaunchScreen.storyboard; sourceTree = "<group>"; };
		D4596F4D2B9278B3008B7D12 /* SwiftMLSDK_Map_AnnotationPopover_ViewController.swift */ = {isa = PBXFileReference; fileEncoding = 4; lastKnownFileType = sourcecode.swift; path = SwiftMLSDK_Map_AnnotationPopover_ViewController.swift; sourceTree = "<group>"; };
		D476D4522B924F270015AFEF /* SwiftBMLSDK_MapMarker.swift */ = {isa = PBXFileReference; fileEncoding = 4; lastKnownFileType = sourcecode.swift; path = SwiftBMLSDK_MapMarker.swift; sourceTree = "<group>"; };
		D47B17BB2C0208AA00B3452D /* Warnings.xcconfig */ = {isa = PBXFileReference; fileEncoding = 4; lastKnownFileType = text.xcconfig; name = Warnings.xcconfig; path = ../Meta/Warnings.xcconfig; sourceTree = "<group>"; };
		D47C81732B85207600783B49 /* SwiftBMLSDK_TestHarness_Prefs.swift */ = {isa = PBXFileReference; lastKnownFileType = sourcecode.swift; path = SwiftBMLSDK_TestHarness_Prefs.swift; sourceTree = "<group>"; };
		D488D2912B82CE3F000979D9 /* SwiftBMLSDK_TestHarness.app */ = {isa = PBXFileReference; explicitFileType = wrapper.application; includeInIndex = 0; path = SwiftBMLSDK_TestHarness.app; sourceTree = BUILT_PRODUCTS_DIR; };
		D488D2942B82CE3F000979D9 /* SwiftBMLSDK_TestHarness_AppDelegate.swift */ = {isa = PBXFileReference; lastKnownFileType = sourcecode.swift; path = SwiftBMLSDK_TestHarness_AppDelegate.swift; sourceTree = "<group>"; };
		D488D2962B82CE3F000979D9 /* SwiftBMLSDK_TestHarness_SceneDelegate.swift */ = {isa = PBXFileReference; lastKnownFileType = sourcecode.swift; path = SwiftBMLSDK_TestHarness_SceneDelegate.swift; sourceTree = "<group>"; };
		D488D2982B82CE3F000979D9 /* SwiftBMLSDK_TestHarness_TabBarController.swift */ = {isa = PBXFileReference; lastKnownFileType = sourcecode.swift; path = SwiftBMLSDK_TestHarness_TabBarController.swift; sourceTree = "<group>"; };
		D488D29B2B82CE3F000979D9 /* Base */ = {isa = PBXFileReference; lastKnownFileType = file.storyboard; name = Base; path = Base.lproj/Main.storyboard; sourceTree = "<group>"; };
		D488D29D2B82CE40000979D9 /* Assets.xcassets */ = {isa = PBXFileReference; lastKnownFileType = folder.assetcatalog; path = Assets.xcassets; sourceTree = "<group>"; };
		D488D2A22B82CE40000979D9 /* Info.plist */ = {isa = PBXFileReference; lastKnownFileType = text.plist.xml; path = Info.plist; sourceTree = "<group>"; };
		D488D2AA2B82CF3F000979D9 /* SwiftBMLSDK.framework */ = {isa = PBXFileReference; explicitFileType = wrapper.framework; path = SwiftBMLSDK.framework; sourceTree = BUILT_PRODUCTS_DIR; };
		D4D4B7982B93FD0E0021EBD3 /* SwiftBMLSDK_TestHarness_InfoViewController.swift */ = {isa = PBXFileReference; fileEncoding = 4; lastKnownFileType = sourcecode.swift; path = SwiftBMLSDK_TestHarness_InfoViewController.swift; sourceTree = "<group>"; };
		D4D5E1DE2B84062C002B769B /* SwiftBMLSDK_TestHarness_LocationSearchViewController.swift */ = {isa = PBXFileReference; fileEncoding = 4; lastKnownFileType = sourcecode.swift; path = SwiftBMLSDK_TestHarness_LocationSearchViewController.swift; sourceTree = "<group>"; };
		D4E0AFA42B8FAD4C00676B6B /* SwiftBMLSDK_TestHarness_MapViewController.swift */ = {isa = PBXFileReference; fileEncoding = 4; lastKnownFileType = sourcecode.swift; path = SwiftBMLSDK_TestHarness_MapViewController.swift; sourceTree = "<group>"; };
/* End PBXFileReference section */

/* Begin PBXFrameworksBuildPhase section */
		D488D28E2B82CE3F000979D9 /* Frameworks */ = {
			isa = PBXFrameworksBuildPhase;
			buildActionMask = 2147483647;
			files = (
				D47C81722B85204800783B49 /* RVS_Persistent_Prefs in Frameworks */,
				D40622182B83BA1A009FFAB3 /* RVS_Generic_Swift_Toolbox in Frameworks */,
				D488D2AB2B82CF3F000979D9 /* SwiftBMLSDK.framework in Frameworks */,
				D42740192B913C220019DC48 /* RVS_UIKit_Toolbox in Frameworks */,
			);
			runOnlyForDeploymentPostprocessing = 0;
		};
/* End PBXFrameworksBuildPhase section */

/* Begin PBXGroup section */
		D4026F942BF6A8CC00649E81 /* Virtual */ = {
			isa = PBXGroup;
			children = (
				D4026F932BF6A8CC00649E81 /* SwiftBMLSDK_TestHarness_VirtualViewController.swift */,
			);
			path = Virtual;
			sourceTree = "<group>";
		};
		D42740142B9134480019DC48 /* LocationSearch */ = {
			isa = PBXGroup;
			children = (
				D4D5E1DE2B84062C002B769B /* SwiftBMLSDK_TestHarness_LocationSearchViewController.swift */,
				D4E0AFA42B8FAD4C00676B6B /* SwiftBMLSDK_TestHarness_MapViewController.swift */,
				D4596F4D2B9278B3008B7D12 /* SwiftMLSDK_Map_AnnotationPopover_ViewController.swift */,
			);
			path = LocationSearch;
			sourceTree = "<group>";
		};
		D42A9AAA2B8E156F002516E0 /* MainApp */ = {
			isa = PBXGroup;
			children = (
				D47C81732B85207600783B49 /* SwiftBMLSDK_TestHarness_Prefs.swift */,
				D488D2942B82CE3F000979D9 /* SwiftBMLSDK_TestHarness_AppDelegate.swift */,
				D488D2962B82CE3F000979D9 /* SwiftBMLSDK_TestHarness_SceneDelegate.swift */,
			);
			path = MainApp;
			sourceTree = "<group>";
		};
		D42A9AAB2B8E1587002516E0 /* Tabs */ = {
			isa = PBXGroup;
			children = (
				D4D4B7982B93FD0E0021EBD3 /* SwiftBMLSDK_TestHarness_InfoViewController.swift */,
				D42740142B9134480019DC48 /* LocationSearch */,
				D4596F4F2B9285B1008B7D12 /* MapResults */,
				D4026F942BF6A8CC00649E81 /* Virtual */,
			);
			path = Tabs;
			sourceTree = "<group>";
		};
		D4596F4F2B9285B1008B7D12 /* MapResults */ = {
			isa = PBXGroup;
			children = (
				D42740152B9134840019DC48 /* SwiftBMLSDK_TestHarness_MapResultsViewController.swift */,
			);
			path = MapResults;
			sourceTree = "<group>";
		};
		D488D2882B82CE3F000979D9 = {
			isa = PBXGroup;
			children = (
				D4011DA92BA4A77F002C3292 /* PrivacyInfo.xcprivacy */,
				D47B17BB2C0208AA00B3452D /* Warnings.xcconfig */,
				D488D2932B82CE3F000979D9 /* SwiftBMLSDK_TestHarness */,
				D488D2922B82CE3F000979D9 /* Products */,
				D488D2A92B82CF3F000979D9 /* Frameworks */,
			);
			sourceTree = "<group>";
		};
		D488D2922B82CE3F000979D9 /* Products */ = {
			isa = PBXGroup;
			children = (
				D488D2912B82CE3F000979D9 /* SwiftBMLSDK_TestHarness.app */,
			);
			name = Products;
			sourceTree = "<group>";
		};
		D488D2932B82CE3F000979D9 /* SwiftBMLSDK_TestHarness */ = {
			isa = PBXGroup;
			children = (
				D42A9AAA2B8E156F002516E0 /* MainApp */,
				D40622192B83BB15009FFAB3 /* SwiftBMLSDK_TestHarness_BaseViewController.swift */,
				D488D2982B82CE3F000979D9 /* SwiftBMLSDK_TestHarness_TabBarController.swift */,
				D476D4522B924F270015AFEF /* SwiftBMLSDK_MapMarker.swift */,
				D40823402BFB9F3D00269D87 /* SwiftBMLSDK_TestHarness_MeetingViewController.swift */,
				D42A9AAB2B8E1587002516E0 /* Tabs */,
				D488D2A82B82CF01000979D9 /* Resources */,
				D488D2A22B82CE40000979D9 /* Info.plist */,
				D40622152B83B73F009FFAB3 /* InfoPlist.strings */,
			);
			path = SwiftBMLSDK_TestHarness;
			sourceTree = "<group>";
		};
		D488D2A82B82CF01000979D9 /* Resources */ = {
			isa = PBXGroup;
			children = (
				D488D29A2B82CE3F000979D9 /* Main.storyboard */,
				D488D29D2B82CE40000979D9 /* Assets.xcassets */,
				D449EBF52C020AF200929D0F /* LaunchScreen.storyboard */,
				D40622102B83B705009FFAB3 /* Localizable.strings */,
			);
			path = Resources;
			sourceTree = "<group>";
		};
		D488D2A92B82CF3F000979D9 /* Frameworks */ = {
			isa = PBXGroup;
			children = (
				D488D2AA2B82CF3F000979D9 /* SwiftBMLSDK.framework */,
			);
			name = Frameworks;
			sourceTree = "<group>";
		};
/* End PBXGroup section */

/* Begin PBXNativeTarget section */
		D488D2902B82CE3F000979D9 /* SwiftBMLSDK_TestHarness */ = {
			isa = PBXNativeTarget;
			buildConfigurationList = D488D2A52B82CE40000979D9 /* Build configuration list for PBXNativeTarget "SwiftBMLSDK_TestHarness" */;
			buildPhases = (
				D488D28D2B82CE3F000979D9 /* Sources */,
				D488D28E2B82CE3F000979D9 /* Frameworks */,
				D488D28F2B82CE3F000979D9 /* Resources */,
				D488D2AD2B82CF3F000979D9 /* Embed Frameworks */,
			);
			buildRules = (
			);
			dependencies = (
			);
			name = SwiftBMLSDK_TestHarness;
			packageProductDependencies = (
				D40622172B83BA1A009FFAB3 /* RVS_Generic_Swift_Toolbox */,
				D47C81712B85204800783B49 /* RVS_Persistent_Prefs */,
				D42740182B913C220019DC48 /* RVS_UIKit_Toolbox */,
			);
			productName = SwiftBMLSDK_TestHarness;
			productReference = D488D2912B82CE3F000979D9 /* SwiftBMLSDK_TestHarness.app */;
			productType = "com.apple.product-type.application";
		};
/* End PBXNativeTarget section */

/* Begin PBXProject section */
		D488D2892B82CE3F000979D9 /* Project object */ = {
			isa = PBXProject;
			attributes = {
				BuildIndependentTargetsInParallel = 1;
				LastSwiftUpdateCheck = 1520;
				LastUpgradeCheck = 1520;
				TargetAttributes = {
					D488D2902B82CE3F000979D9 = {
						CreatedOnToolsVersion = 15.2;
					};
				};
			};
			buildConfigurationList = D488D28C2B82CE3F000979D9 /* Build configuration list for PBXProject "SwiftBMLSDK_TestHarness" */;
			compatibilityVersion = "Xcode 14.0";
			developmentRegion = en;
			hasScannedForEncodings = 0;
			knownRegions = (
				en,
				Base,
			);
			mainGroup = D488D2882B82CE3F000979D9;
			packageReferences = (
				D40622162B83BA1A009FFAB3 /* XCRemoteSwiftPackageReference "RVS_Generic_Swift_Toolbox" */,
				D47C81702B85204800783B49 /* XCRemoteSwiftPackageReference "RVS_PersistentPrefs" */,
				D42740172B913C220019DC48 /* XCRemoteSwiftPackageReference "RVS_UIKit_Toolbox" */,
			);
			productRefGroup = D488D2922B82CE3F000979D9 /* Products */;
			projectDirPath = "";
			projectRoot = "";
			targets = (
				D488D2902B82CE3F000979D9 /* SwiftBMLSDK_TestHarness */,
			);
		};
/* End PBXProject section */

/* Begin PBXResourcesBuildPhase section */
		D488D28F2B82CE3F000979D9 /* Resources */ = {
			isa = PBXResourcesBuildPhase;
			buildActionMask = 2147483647;
			files = (
				D4011DAA2BA4A77F002C3292 /* PrivacyInfo.xcprivacy in Resources */,
				D449EBF62C020AF200929D0F /* LaunchScreen.storyboard in Resources */,
				D40622132B83B73F009FFAB3 /* InfoPlist.strings in Resources */,
				D406220E2B83B705009FFAB3 /* Localizable.strings in Resources */,
				D488D29E2B82CE40000979D9 /* Assets.xcassets in Resources */,
				D47B17BC2C0208AA00B3452D /* Warnings.xcconfig in Resources */,
				D488D29C2B82CE3F000979D9 /* Main.storyboard in Resources */,
			);
			runOnlyForDeploymentPostprocessing = 0;
		};
/* End PBXResourcesBuildPhase section */

/* Begin PBXSourcesBuildPhase section */
		D488D28D2B82CE3F000979D9 /* Sources */ = {
			isa = PBXSourcesBuildPhase;
			buildActionMask = 2147483647;
			files = (
				D4026F952BF6A8CC00649E81 /* SwiftBMLSDK_TestHarness_VirtualViewController.swift in Sources */,
				D40823412BFB9F3D00269D87 /* SwiftBMLSDK_TestHarness_MeetingViewController.swift in Sources */,
				D488D2992B82CE3F000979D9 /* SwiftBMLSDK_TestHarness_TabBarController.swift in Sources */,
				D47C81742B85207600783B49 /* SwiftBMLSDK_TestHarness_Prefs.swift in Sources */,
				D406221A2B83BB16009FFAB3 /* SwiftBMLSDK_TestHarness_BaseViewController.swift in Sources */,
				D4E0AFA52B8FAD4C00676B6B /* SwiftBMLSDK_TestHarness_MapViewController.swift in Sources */,
				D488D2952B82CE3F000979D9 /* SwiftBMLSDK_TestHarness_AppDelegate.swift in Sources */,
				D488D2972B82CE3F000979D9 /* SwiftBMLSDK_TestHarness_SceneDelegate.swift in Sources */,
				D4596F4E2B9278B3008B7D12 /* SwiftMLSDK_Map_AnnotationPopover_ViewController.swift in Sources */,
				D4D5E1DF2B84062C002B769B /* SwiftBMLSDK_TestHarness_LocationSearchViewController.swift in Sources */,
				D476D4532B924F270015AFEF /* SwiftBMLSDK_MapMarker.swift in Sources */,
				D4D4B7992B93FD0E0021EBD3 /* SwiftBMLSDK_TestHarness_InfoViewController.swift in Sources */,
				D42740162B9134840019DC48 /* SwiftBMLSDK_TestHarness_MapResultsViewController.swift in Sources */,
			);
			runOnlyForDeploymentPostprocessing = 0;
		};
/* End PBXSourcesBuildPhase section */

/* Begin PBXVariantGroup section */
		D40622102B83B705009FFAB3 /* Localizable.strings */ = {
			isa = PBXVariantGroup;
			children = (
				D406220F2B83B705009FFAB3 /* en */,
			);
			name = Localizable.strings;
			sourceTree = "<group>";
		};
		D40622152B83B73F009FFAB3 /* InfoPlist.strings */ = {
			isa = PBXVariantGroup;
			children = (
				D40622142B83B73F009FFAB3 /* en */,
			);
			name = InfoPlist.strings;
			path = Resources;
			sourceTree = "<group>";
		};
		D488D29A2B82CE3F000979D9 /* Main.storyboard */ = {
			isa = PBXVariantGroup;
			children = (
				D488D29B2B82CE3F000979D9 /* Base */,
			);
			name = Main.storyboard;
			sourceTree = "<group>";
		};
/* End PBXVariantGroup section */

/* Begin XCBuildConfiguration section */
		D488D2A32B82CE40000979D9 /* Debug */ = {
			isa = XCBuildConfiguration;
			baseConfigurationReference = D47B17BB2C0208AA00B3452D /* Warnings.xcconfig */;
			buildSettings = {
				ALWAYS_SEARCH_USER_PATHS = NO;
				ASSETCATALOG_COMPILER_GENERATE_SWIFT_ASSET_SYMBOL_EXTENSIONS = YES;
				CLANG_ANALYZER_NONNULL = YES;
				CLANG_ANALYZER_NUMBER_OBJECT_CONVERSION = YES_AGGRESSIVE;
				CLANG_CXX_LANGUAGE_STANDARD = "gnu++20";
				CLANG_ENABLE_MODULES = YES;
				CLANG_ENABLE_OBJC_ARC = YES;
				CLANG_ENABLE_OBJC_WEAK = YES;
				CLANG_WARN_BLOCK_CAPTURE_AUTORELEASING = YES;
				CLANG_WARN_BOOL_CONVERSION = YES;
				CLANG_WARN_COMMA = YES;
				CLANG_WARN_CONSTANT_CONVERSION = YES;
				CLANG_WARN_DEPRECATED_OBJC_IMPLEMENTATIONS = YES;
				CLANG_WARN_DIRECT_OBJC_ISA_USAGE = YES_ERROR;
				CLANG_WARN_DOCUMENTATION_COMMENTS = YES;
				CLANG_WARN_EMPTY_BODY = YES;
				CLANG_WARN_ENUM_CONVERSION = YES;
				CLANG_WARN_INFINITE_RECURSION = YES;
				CLANG_WARN_INT_CONVERSION = YES;
				CLANG_WARN_NON_LITERAL_NULL_CONVERSION = YES;
				CLANG_WARN_OBJC_IMPLICIT_RETAIN_SELF = YES;
				CLANG_WARN_OBJC_LITERAL_CONVERSION = YES;
				CLANG_WARN_OBJC_ROOT_CLASS = YES_ERROR;
				CLANG_WARN_QUOTED_INCLUDE_IN_FRAMEWORK_HEADER = YES;
				CLANG_WARN_RANGE_LOOP_ANALYSIS = YES;
				CLANG_WARN_STRICT_PROTOTYPES = YES;
				CLANG_WARN_SUSPICIOUS_MOVE = YES;
				CLANG_WARN_UNGUARDED_AVAILABILITY = YES_AGGRESSIVE;
				CLANG_WARN_UNREACHABLE_CODE = YES;
				CLANG_WARN__DUPLICATE_METHOD_MATCH = YES;
				COPY_PHASE_STRIP = NO;
				DEBUG_INFORMATION_FORMAT = dwarf;
				ENABLE_STRICT_OBJC_MSGSEND = YES;
				ENABLE_TESTABILITY = YES;
				ENABLE_USER_SCRIPT_SANDBOXING = YES;
				GCC_C_LANGUAGE_STANDARD = gnu17;
				GCC_DYNAMIC_NO_PIC = NO;
				GCC_NO_COMMON_BLOCKS = YES;
				GCC_OPTIMIZATION_LEVEL = 0;
				GCC_PREPROCESSOR_DEFINITIONS = (
					"DEBUG=1",
					"$(inherited)",
				);
				GCC_WARN_64_TO_32_BIT_CONVERSION = YES;
				GCC_WARN_ABOUT_RETURN_TYPE = YES_ERROR;
				GCC_WARN_UNDECLARED_SELECTOR = YES;
				GCC_WARN_UNINITIALIZED_AUTOS = YES_AGGRESSIVE;
				GCC_WARN_UNUSED_FUNCTION = YES;
				GCC_WARN_UNUSED_VARIABLE = YES;
				IPHONEOS_DEPLOYMENT_TARGET = 16.0;
				LOCALIZATION_PREFERS_STRING_CATALOGS = YES;
				MTL_ENABLE_DEBUG_INFO = INCLUDE_SOURCE;
				MTL_FAST_MATH = YES;
				ONLY_ACTIVE_ARCH = YES;
				SDKROOT = iphoneos;
				SWIFT_ACTIVE_COMPILATION_CONDITIONS = "DEBUG $(inherited)";
				SWIFT_OPTIMIZATION_LEVEL = "-Onone";
			};
			name = Debug;
		};
		D488D2A42B82CE40000979D9 /* Release */ = {
			isa = XCBuildConfiguration;
			baseConfigurationReference = D47B17BB2C0208AA00B3452D /* Warnings.xcconfig */;
			buildSettings = {
				ALWAYS_SEARCH_USER_PATHS = NO;
				ASSETCATALOG_COMPILER_GENERATE_SWIFT_ASSET_SYMBOL_EXTENSIONS = YES;
				CLANG_ANALYZER_NONNULL = YES;
				CLANG_ANALYZER_NUMBER_OBJECT_CONVERSION = YES_AGGRESSIVE;
				CLANG_CXX_LANGUAGE_STANDARD = "gnu++20";
				CLANG_ENABLE_MODULES = YES;
				CLANG_ENABLE_OBJC_ARC = YES;
				CLANG_ENABLE_OBJC_WEAK = YES;
				CLANG_WARN_BLOCK_CAPTURE_AUTORELEASING = YES;
				CLANG_WARN_BOOL_CONVERSION = YES;
				CLANG_WARN_COMMA = YES;
				CLANG_WARN_CONSTANT_CONVERSION = YES;
				CLANG_WARN_DEPRECATED_OBJC_IMPLEMENTATIONS = YES;
				CLANG_WARN_DIRECT_OBJC_ISA_USAGE = YES_ERROR;
				CLANG_WARN_DOCUMENTATION_COMMENTS = YES;
				CLANG_WARN_EMPTY_BODY = YES;
				CLANG_WARN_ENUM_CONVERSION = YES;
				CLANG_WARN_INFINITE_RECURSION = YES;
				CLANG_WARN_INT_CONVERSION = YES;
				CLANG_WARN_NON_LITERAL_NULL_CONVERSION = YES;
				CLANG_WARN_OBJC_IMPLICIT_RETAIN_SELF = YES;
				CLANG_WARN_OBJC_LITERAL_CONVERSION = YES;
				CLANG_WARN_OBJC_ROOT_CLASS = YES_ERROR;
				CLANG_WARN_QUOTED_INCLUDE_IN_FRAMEWORK_HEADER = YES;
				CLANG_WARN_RANGE_LOOP_ANALYSIS = YES;
				CLANG_WARN_STRICT_PROTOTYPES = YES;
				CLANG_WARN_SUSPICIOUS_MOVE = YES;
				CLANG_WARN_UNGUARDED_AVAILABILITY = YES_AGGRESSIVE;
				CLANG_WARN_UNREACHABLE_CODE = YES;
				CLANG_WARN__DUPLICATE_METHOD_MATCH = YES;
				COPY_PHASE_STRIP = NO;
				DEBUG_INFORMATION_FORMAT = "dwarf-with-dsym";
				ENABLE_NS_ASSERTIONS = NO;
				ENABLE_STRICT_OBJC_MSGSEND = YES;
				ENABLE_USER_SCRIPT_SANDBOXING = YES;
				GCC_C_LANGUAGE_STANDARD = gnu17;
				GCC_NO_COMMON_BLOCKS = YES;
				GCC_WARN_64_TO_32_BIT_CONVERSION = YES;
				GCC_WARN_ABOUT_RETURN_TYPE = YES_ERROR;
				GCC_WARN_UNDECLARED_SELECTOR = YES;
				GCC_WARN_UNINITIALIZED_AUTOS = YES_AGGRESSIVE;
				GCC_WARN_UNUSED_FUNCTION = YES;
				GCC_WARN_UNUSED_VARIABLE = YES;
				IPHONEOS_DEPLOYMENT_TARGET = 16.0;
				LOCALIZATION_PREFERS_STRING_CATALOGS = YES;
				MTL_ENABLE_DEBUG_INFO = NO;
				MTL_FAST_MATH = YES;
				SDKROOT = iphoneos;
				SWIFT_COMPILATION_MODE = wholemodule;
				VALIDATE_PRODUCT = YES;
			};
			name = Release;
		};
		D488D2A62B82CE40000979D9 /* Debug */ = {
			isa = XCBuildConfiguration;
			buildSettings = {
				ASSETCATALOG_COMPILER_APPICON_NAME = AppIcon;
				ASSETCATALOG_COMPILER_GLOBAL_ACCENT_COLOR_NAME = AccentColor;
				CODE_SIGN_STYLE = Automatic;
				CURRENT_PROJECT_VERSION = 0011;
				DEVELOPMENT_TEAM = P53V4JS928;
				GENERATE_INFOPLIST_FILE = YES;
				INFOPLIST_FILE = SwiftBMLSDK_TestHarness/Info.plist;
				INFOPLIST_KEY_LSApplicationCategoryType = "public.app-category.developer-tools";
				INFOPLIST_KEY_NSLocationAlwaysAndWhenInUseUsageDescription = "This app needs to know your location, in order to find nearby meetings.";
				INFOPLIST_KEY_NSLocationAlwaysUsageDescription = "This app needs to know your location, in order to find nearby meetings.";
				INFOPLIST_KEY_NSLocationWhenInUseUsageDescription = "This app needs to know your location, in order to find nearby meetings.";
				INFOPLIST_KEY_UIApplicationSupportsIndirectInputEvents = YES;
				INFOPLIST_KEY_UILaunchStoryboardName = LaunchScreen;
				INFOPLIST_KEY_UIMainStoryboardFile = Main;
				INFOPLIST_KEY_UIStatusBarStyle = UIStatusBarStyleLightContent;
				INFOPLIST_KEY_UISupportedInterfaceOrientations_iPad = "UIInterfaceOrientationPortrait UIInterfaceOrientationPortraitUpsideDown UIInterfaceOrientationLandscapeLeft UIInterfaceOrientationLandscapeRight";
				INFOPLIST_KEY_UISupportedInterfaceOrientations_iPhone = "UIInterfaceOrientationPortrait UIInterfaceOrientationLandscapeLeft UIInterfaceOrientationLandscapeRight";
				LD_RUNPATH_SEARCH_PATHS = (
					"$(inherited)",
					"@executable_path/Frameworks",
				);
				MARKETING_VERSION = 0.9;
				PRODUCT_BUNDLE_IDENTIFIER = "org.littlegreenviper.SwiftBMLSDK-TestHarness";
				PRODUCT_NAME = "$(TARGET_NAME)";
				SWIFT_EMIT_LOC_STRINGS = YES;
				SWIFT_VERSION = 5.0;
				TARGETED_DEVICE_FAMILY = "1,2";
			};
			name = Debug;
		};
		D488D2A72B82CE40000979D9 /* Release */ = {
			isa = XCBuildConfiguration;
			buildSettings = {
				ASSETCATALOG_COMPILER_APPICON_NAME = AppIcon;
				ASSETCATALOG_COMPILER_GLOBAL_ACCENT_COLOR_NAME = AccentColor;
				CODE_SIGN_STYLE = Automatic;
				CURRENT_PROJECT_VERSION = 0011;
				DEVELOPMENT_TEAM = P53V4JS928;
				GENERATE_INFOPLIST_FILE = YES;
				INFOPLIST_FILE = SwiftBMLSDK_TestHarness/Info.plist;
				INFOPLIST_KEY_LSApplicationCategoryType = "public.app-category.developer-tools";
				INFOPLIST_KEY_NSLocationAlwaysAndWhenInUseUsageDescription = "This app needs to know your location, in order to find nearby meetings.";
				INFOPLIST_KEY_NSLocationAlwaysUsageDescription = "This app needs to know your location, in order to find nearby meetings.";
				INFOPLIST_KEY_NSLocationWhenInUseUsageDescription = "This app needs to know your location, in order to find nearby meetings.";
				INFOPLIST_KEY_UIApplicationSupportsIndirectInputEvents = YES;
				INFOPLIST_KEY_UILaunchStoryboardName = LaunchScreen;
				INFOPLIST_KEY_UIMainStoryboardFile = Main;
				INFOPLIST_KEY_UIStatusBarStyle = UIStatusBarStyleLightContent;
				INFOPLIST_KEY_UISupportedInterfaceOrientations_iPad = "UIInterfaceOrientationPortrait UIInterfaceOrientationPortraitUpsideDown UIInterfaceOrientationLandscapeLeft UIInterfaceOrientationLandscapeRight";
				INFOPLIST_KEY_UISupportedInterfaceOrientations_iPhone = "UIInterfaceOrientationPortrait UIInterfaceOrientationLandscapeLeft UIInterfaceOrientationLandscapeRight";
				LD_RUNPATH_SEARCH_PATHS = (
					"$(inherited)",
					"@executable_path/Frameworks",
				);
				MARKETING_VERSION = 0.9;
				PRODUCT_BUNDLE_IDENTIFIER = "org.littlegreenviper.SwiftBMLSDK-TestHarness";
				PRODUCT_NAME = "$(TARGET_NAME)";
				SWIFT_EMIT_LOC_STRINGS = YES;
				SWIFT_VERSION = 5.0;
				TARGETED_DEVICE_FAMILY = "1,2";
			};
			name = Release;
		};
/* End XCBuildConfiguration section */

/* Begin XCConfigurationList section */
		D488D28C2B82CE3F000979D9 /* Build configuration list for PBXProject "SwiftBMLSDK_TestHarness" */ = {
			isa = XCConfigurationList;
			buildConfigurations = (
				D488D2A32B82CE40000979D9 /* Debug */,
				D488D2A42B82CE40000979D9 /* Release */,
			);
			defaultConfigurationIsVisible = 0;
			defaultConfigurationName = Release;
		};
		D488D2A52B82CE40000979D9 /* Build configuration list for PBXNativeTarget "SwiftBMLSDK_TestHarness" */ = {
			isa = XCConfigurationList;
			buildConfigurations = (
				D488D2A62B82CE40000979D9 /* Debug */,
				D488D2A72B82CE40000979D9 /* Release */,
			);
			defaultConfigurationIsVisible = 0;
			defaultConfigurationName = Release;
		};
/* End XCConfigurationList section */

/* Begin XCRemoteSwiftPackageReference section */
		D40622162B83BA1A009FFAB3 /* XCRemoteSwiftPackageReference "RVS_Generic_Swift_Toolbox" */ = {
			isa = XCRemoteSwiftPackageReference;
			repositoryURL = "https://github.com/RiftValleySoftware/RVS_Generic_Swift_Toolbox";
			requirement = {
				kind = upToNextMajorVersion;
				minimumVersion = 1.13.1;
			};
		};
		D42740172B913C220019DC48 /* XCRemoteSwiftPackageReference "RVS_UIKit_Toolbox" */ = {
			isa = XCRemoteSwiftPackageReference;
			repositoryURL = "https://github.com/RiftValleySoftware/RVS_UIKit_Toolbox";
			requirement = {
				kind = upToNextMajorVersion;
				minimumVersion = 1.6.1;
			};
		};
		D47C81702B85204800783B49 /* XCRemoteSwiftPackageReference "RVS_PersistentPrefs" */ = {
			isa = XCRemoteSwiftPackageReference;
			repositoryURL = "https://github.com/RiftValleySoftware/RVS_PersistentPrefs";
			requirement = {
				kind = upToNextMajorVersion;
				minimumVersion = 1.3.9;
			};
		};
/* End XCRemoteSwiftPackageReference section */

/* Begin XCSwiftPackageProductDependency section */
		D40622172B83BA1A009FFAB3 /* RVS_Generic_Swift_Toolbox */ = {
			isa = XCSwiftPackageProductDependency;
			package = D40622162B83BA1A009FFAB3 /* XCRemoteSwiftPackageReference "RVS_Generic_Swift_Toolbox" */;
			productName = RVS_Generic_Swift_Toolbox;
		};
		D42740182B913C220019DC48 /* RVS_UIKit_Toolbox */ = {
			isa = XCSwiftPackageProductDependency;
			package = D42740172B913C220019DC48 /* XCRemoteSwiftPackageReference "RVS_UIKit_Toolbox" */;
			productName = RVS_UIKit_Toolbox;
		};
		D47C81712B85204800783B49 /* RVS_Persistent_Prefs */ = {
			isa = XCSwiftPackageProductDependency;
			package = D47C81702B85204800783B49 /* XCRemoteSwiftPackageReference "RVS_PersistentPrefs" */;
			productName = RVS_Persistent_Prefs;
		};
/* End XCSwiftPackageProductDependency section */
	};
	rootObject = D488D2892B82CE3F000979D9 /* Project object */;
}
